
Microsoft Visual Studio Solution File, Format Version 12.00
# Visual Studio Version 16
VisualStudioVersion = 16.0.31019.35
MinimumVisualStudioVersion = 10.0.40219.1
Project("{9A19103F-16F7-4668-BE54-9A1E7A4F7556}") = "Simple.IdentityServer", "Simple.IdentityServer\Simple.IdentityServer.csproj", "{E69BA45B-507D-401E-8BD8-60F8182838AD}"
EndProject
Project("{FAE04EC0-301F-11D3-BF4B-00C04F79EFBC}") = "Simple.WebApi", "Simple.WebApi\Simple.WebApi.csproj", "{3761E907-D6B8-4A01-B197-0D9EB6B49D7F}"
EndProject
Project("{FAE04EC0-301F-11D3-BF4B-00C04F79EFBC}") = "Simple.ConsoleClient", "Simple.ConsoleClient\Simple.ConsoleClient.csproj", "{2B8D4E63-C03B-4E55-BF8E-B2F8CC94E739}"
EndProject
Global
	GlobalSection(SolutionConfigurationPlatforms) = preSolution
		Debug|Any CPU = Debug|Any CPU
		Release|Any CPU = Release|Any CPU
	EndGlobalSection
	GlobalSection(ProjectConfigurationPlatforms) = postSolution
		{E69BA45B-507D-401E-8BD8-60F8182838AD}.Debug|Any CPU.ActiveCfg = Debug|Any CPU
		{E69BA45B-507D-401E-8BD8-60F8182838AD}.Debug|Any CPU.Build.0 = Debug|Any CPU
		{E69BA45B-507D-401E-8BD8-60F8182838AD}.Release|Any CPU.ActiveCfg = Release|Any CPU
		{E69BA45B-507D-401E-8BD8-60F8182838AD}.Release|Any CPU.Build.0 = Release|Any CPU
		{3761E907-D6B8-4A01-B197-0D9EB6B49D7F}.Debug|Any CPU.ActiveCfg = Debug|Any CPU
		{3761E907-D6B8-4A01-B197-0D9EB6B49D7F}.Debug|Any CPU.Build.0 = Debug|Any CPU
		{3761E907-D6B8-4A01-B197-0D9EB6B49D7F}.Release|Any CPU.ActiveCfg = Release|Any CPU
		{3761E907-D6B8-4A01-B197-0D9EB6B49D7F}.Release|Any CPU.Build.0 = Release|Any CPU
		{2B8D4E63-C03B-4E55-BF8E-B2F8CC94E739}.Debug|Any CPU.ActiveCfg = Debug|Any CPU
		{2B8D4E63-C03B-4E55-BF8E-B2F8CC94E739}.Debug|Any CPU.Build.0 = Debug|Any CPU
		{2B8D4E63-C03B-4E55-BF8E-B2F8CC94E739}.Release|Any CPU.ActiveCfg = Release|Any CPU
		{2B8D4E63-C03B-4E55-BF8E-B2F8CC94E739}.Release|Any CPU.Build.0 = Release|Any CPU
	EndGlobalSection
	GlobalSection(SolutionProperties) = preSolution
		HideSolutionNode = FALSE
	EndGlobalSection
	GlobalSection(ExtensibilityGlobals) = postSolution
		SolutionGuid = {0AFF1C66-21C7-4373-A110-4BC16D7C89E7}
	EndGlobalSection
EndGlobal
